// !$*UTF8*$!
{
	archiveVersion = 1;
	classes = {
	};
	objectVersion = 77;
	objects = {

/* Begin PBXContainerItemProxy section */
		D5A0DA1D2CAF3BB000CAEF3E /* PBXContainerItemProxy */ = {
			isa = PBXContainerItemProxy;
			containerPortal = D5A0D9FE2CAF3BAD00CAEF3E /* Project object */;
			proxyType = 1;
			remoteGlobalIDString = D5A0DA052CAF3BAD00CAEF3E;
			remoteInfo = firstHw;
		};
		D5A0DA272CAF3BB000CAEF3E /* PBXContainerItemProxy */ = {
			isa = PBXContainerItemProxy;
			containerPortal = D5A0D9FE2CAF3BAD00CAEF3E /* Project object */;
			proxyType = 1;
			remoteGlobalIDString = D5A0DA052CAF3BAD00CAEF3E;
			remoteInfo = firstHw;
		};
/* End PBXContainerItemProxy section */

/* Begin PBXFileReference section */
		D5A0DA062CAF3BAD00CAEF3E /* firstHw.app */ = {isa = PBXFileReference; explicitFileType = wrapper.application; includeInIndex = 0; path = firstHw.app; sourceTree = BUILT_PRODUCTS_DIR; };
		D5A0DA1C2CAF3BB000CAEF3E /* firstHwTests.xctest */ = {isa = PBXFileReference; explicitFileType = wrapper.cfbundle; includeInIndex = 0; path = firstHwTests.xctest; sourceTree = BUILT_PRODUCTS_DIR; };
		D5A0DA262CAF3BB000CAEF3E /* firstHwUITests.xctest */ = {isa = PBXFileReference; explicitFileType = wrapper.cfbundle; includeInIndex = 0; path = firstHwUITests.xctest; sourceTree = BUILT_PRODUCTS_DIR; };
/* End PBXFileReference section */

/* Begin PBXFileSystemSynchronizedBuildFileExceptionSet section */
		D5A0DA2E2CAF3BB000CAEF3E /* Exceptions for "firstHw" folder in "firstHw" target */ = {
			isa = PBXFileSystemSynchronizedBuildFileExceptionSet;
			membershipExceptions = (
				Info.plist,
			);
			target = D5A0DA052CAF3BAD00CAEF3E /* firstHw */;
		};
/* End PBXFileSystemSynchronizedBuildFileExceptionSet section */

/* Begin PBXFileSystemSynchronizedRootGroup section */
		D5A0DA082CAF3BAD00CAEF3E /* firstHw */ = {
			isa = PBXFileSystemSynchronizedRootGroup;
			exceptions = (
				D5A0DA2E2CAF3BB000CAEF3E /* Exceptions for "firstHw" folder in "firstHw" target */,
			);
			path = firstHw;
			sourceTree = "<group>";
		};
		D5A0DA1F2CAF3BB000CAEF3E /* firstHwTests */ = {
			isa = PBXFileSystemSynchronizedRootGroup;
			path = firstHwTests;
			sourceTree = "<group>";
		};
		D5A0DA292CAF3BB000CAEF3E /* firstHwUITests */ = {
			isa = PBXFileSystemSynchronizedRootGroup;
			path = firstHwUITests;
			sourceTree = "<group>";
		};
/* End PBXFileSystemSynchronizedRootGroup section */

/* Begin PBXFrameworksBuildPhase section */
		D5A0DA032CAF3BAD00CAEF3E /* Frameworks */ = {
			isa = PBXFrameworksBuildPhase;
			buildActionMask = 2147483647;
			files = (
			);
			runOnlyForDeploymentPostprocessing = 0;
		};
		D5A0DA192CAF3BB000CAEF3E /* Frameworks */ = {
			isa = PBXFrameworksBuildPhase;
			buildActionMask = 2147483647;
			files = (
			);
			runOnlyForDeploymentPostprocessing = 0;
		};
		D5A0DA232CAF3BB000CAEF3E /* Frameworks */ = {
			isa = PBXFrameworksBuildPhase;
			buildActionMask = 2147483647;
			files = (
			);
			runOnlyForDeploymentPostprocessing = 0;
		};
/* End PBXFrameworksBuildPhase section */

/* Begin PBXGroup section */
		D5A0D9FD2CAF3BAD00CAEF3E = {
			isa = PBXGroup;
			children = (
				D5A0DA082CAF3BAD00CAEF3E /* firstHw */,
				D5A0DA1F2CAF3BB000CAEF3E /* firstHwTests */,
				D5A0DA292CAF3BB000CAEF3E /* firstHwUITests */,
				D5A0DA072CAF3BAD00CAEF3E /* Products */,
			);
			sourceTree = "<group>";
		};
		D5A0DA072CAF3BAD00CAEF3E /* Products */ = {
			isa = PBXGroup;
			children = (
				D5A0DA062CAF3BAD00CAEF3E /* firstHw.app */,
				D5A0DA1C2CAF3BB000CAEF3E /* firstHwTests.xctest */,
				D5A0DA262CAF3BB000CAEF3E /* firstHwUITests.xctest */,
			);
			name = Products;
			sourceTree = "<group>";
		};
/* End PBXGroup section */

/* Begin PBXNativeTarget section */
		D5A0DA052CAF3BAD00CAEF3E /* firstHw */ = {
			isa = PBXNativeTarget;
			buildConfigurationList = D5A0DA2F2CAF3BB000CAEF3E /* Build configuration list for PBXNativeTarget "firstHw" */;
			buildPhases = (
				D5A0DA022CAF3BAD00CAEF3E /* Sources */,
				D5A0DA032CAF3BAD00CAEF3E /* Frameworks */,
				D5A0DA042CAF3BAD00CAEF3E /* Resources */,
			);
			buildRules = (
			);
			dependencies = (
			);
			fileSystemSynchronizedGroups = (
				D5A0DA082CAF3BAD00CAEF3E /* firstHw */,
			);
			name = firstHw;
			packageProductDependencies = (
			);
			productName = firstHw;
			productReference = D5A0DA062CAF3BAD00CAEF3E /* firstHw.app */;
			productType = "com.apple.product-type.application";
		};
		D5A0DA1B2CAF3BB000CAEF3E /* firstHwTests */ = {
			isa = PBXNativeTarget;
			buildConfigurationList = D5A0DA342CAF3BB000CAEF3E /* Build configuration list for PBXNativeTarget "firstHwTests" */;
			buildPhases = (
				D5A0DA182CAF3BB000CAEF3E /* Sources */,
				D5A0DA192CAF3BB000CAEF3E /* Frameworks */,
				D5A0DA1A2CAF3BB000CAEF3E /* Resources */,
			);
			buildRules = (
			);
			dependencies = (
				D5A0DA1E2CAF3BB000CAEF3E /* PBXTargetDependency */,
			);
			fileSystemSynchronizedGroups = (
				D5A0DA1F2CAF3BB000CAEF3E /* firstHwTests */,
			);
			name = firstHwTests;
			packageProductDependencies = (
			);
			productName = firstHwTests;
			productReference = D5A0DA1C2CAF3BB000CAEF3E /* firstHwTests.xctest */;
			productType = "com.apple.product-type.bundle.unit-test";
		};
		D5A0DA252CAF3BB000CAEF3E /* firstHwUITests */ = {
			isa = PBXNativeTarget;
			buildConfigurationList = D5A0DA372CAF3BB000CAEF3E /* Build configuration list for PBXNativeTarget "firstHwUITests" */;
			buildPhases = (
				D5A0DA222CAF3BB000CAEF3E /* Sources */,
				D5A0DA232CAF3BB000CAEF3E /* Frameworks */,
				D5A0DA242CAF3BB000CAEF3E /* Resources */,
			);
			buildRules = (
			);
			dependencies = (
				D5A0DA282CAF3BB000CAEF3E /* PBXTargetDependency */,
			);
			fileSystemSynchronizedGroups = (
				D5A0DA292CAF3BB000CAEF3E /* firstHwUITests */,
			);
			name = firstHwUITests;
			packageProductDependencies = (
			);
			productName = firstHwUITests;
			productReference = D5A0DA262CAF3BB000CAEF3E /* firstHwUITests.xctest */;
			productType = "com.apple.product-type.bundle.ui-testing";
		};
/* End PBXNativeTarget section */

/* Begin PBXProject section */
		D5A0D9FE2CAF3BAD00CAEF3E /* Project object */ = {
			isa = PBXProject;
			attributes = {
				BuildIndependentTargetsInParallel = 1;
				LastSwiftUpdateCheck = 1600;
				LastUpgradeCheck = 1600;
				TargetAttributes = {
					D5A0DA052CAF3BAD00CAEF3E = {
						CreatedOnToolsVersion = 16.0;
					};
					D5A0DA1B2CAF3BB000CAEF3E = {
						CreatedOnToolsVersion = 16.0;
						TestTargetID = D5A0DA052CAF3BAD00CAEF3E;
					};
					D5A0DA252CAF3BB000CAEF3E = {
						CreatedOnToolsVersion = 16.0;
						TestTargetID = D5A0DA052CAF3BAD00CAEF3E;
					};
				};
			};
			buildConfigurationList = D5A0DA012CAF3BAD00CAEF3E /* Build configuration list for PBXProject "firstHw" */;
			developmentRegion = en;
			hasScannedForEncodings = 0;
			knownRegions = (
				en,
				Base,
			);
			mainGroup = D5A0D9FD2CAF3BAD00CAEF3E;
			minimizedProjectReferenceProxies = 1;
			preferredProjectObjectVersion = 77;
			productRefGroup = D5A0DA072CAF3BAD00CAEF3E /* Products */;
			projectDirPath = "";
			projectRoot = "";
			targets = (
				D5A0DA052CAF3BAD00CAEF3E /* firstHw */,
				D5A0DA1B2CAF3BB000CAEF3E /* firstHwTests */,
				D5A0DA252CAF3BB000CAEF3E /* firstHwUITests */,
			);
		};
/* End PBXProject section */

/* Begin PBXResourcesBuildPhase section */
		D5A0DA042CAF3BAD00CAEF3E /* Resources */ = {
			isa = PBXResourcesBuildPhase;
			buildActionMask = 2147483647;
			files = (
			);
			runOnlyForDeploymentPostprocessing = 0;
		};
		D5A0DA1A2CAF3BB000CAEF3E /* Resources */ = {
			isa = PBXResourcesBuildPhase;
			buildActionMask = 2147483647;
			files = (
			);
			runOnlyForDeploymentPostprocessing = 0;
		};
		D5A0DA242CAF3BB000CAEF3E /* Resources */ = {
			isa = PBXResourcesBuildPhase;
			buildActionMask = 2147483647;
			files = (
			);
			runOnlyForDeploymentPostprocessing = 0;
		};
/* End PBXResourcesBuildPhase section */

/* Begin PBXSourcesBuildPhase section */
		D5A0DA022CAF3BAD00CAEF3E /* Sources */ = {
			isa = PBXSourcesBuildPhase;
			buildActionMask = 2147483647;
			files = (
			);
			runOnlyForDeploymentPostprocessing = 0;
		};
		D5A0DA182CAF3BB000CAEF3E /* Sources */ = {
			isa = PBXSourcesBuildPhase;
			buildActionMask = 2147483647;
			files = (
			);
			runOnlyForDeploymentPostprocessing = 0;
		};
		D5A0DA222CAF3BB000CAEF3E /* Sources */ = {
			isa = PBXSourcesBuildPhase;
			buildActionMask = 2147483647;
			files = (
			);
			runOnlyForDeploymentPostprocessing = 0;
		};
/* End PBXSourcesBuildPhase section */

/* Begin PBXTargetDependency section */
		D5A0DA1E2CAF3BB000CAEF3E /* PBXTargetDependency */ = {
			isa = PBXTargetDependency;
			target = D5A0DA052CAF3BAD00CAEF3E /* firstHw */;
			targetProxy = D5A0DA1D2CAF3BB000CAEF3E /* PBXContainerItemProxy */;
		};
		D5A0DA282CAF3BB000CAEF3E /* PBXTargetDependency */ = {
			isa = PBXTargetDependency;
			target = D5A0DA052CAF3BAD00CAEF3E /* firstHw */;
			targetProxy = D5A0DA272CAF3BB000CAEF3E /* PBXContainerItemProxy */;
		};
/* End PBXTargetDependency section */

/* Begin XCBuildConfiguration section */
		D5A0DA302CAF3BB000CAEF3E /* Debug */ = {
			isa = XCBuildConfiguration;
			buildSettings = {
				ASSETCATALOG_COMPILER_APPICON_NAME = AppIcon;
				ASSETCATALOG_COMPILER_GLOBAL_ACCENT_COLOR_NAME = AccentColor;
				CODE_SIGN_STYLE = Automatic;
				CURRENT_PROJECT_VERSION = 1;
				GENERATE_INFOPLIST_FILE = YES;
				INFOPLIST_FILE = firstHw/Info.plist;
				INFOPLIST_KEY_UIApplicationSupportsIndirectInputEvents = YES;
				INFOPLIST_KEY_UILaunchStoryboardName = LaunchScreen;
				INFOPLIST_KEY_UISupportedInterfaceOrientations_iPad = "UIInterfaceOrientationPortrait UIInterfaceOrientationPortraitUpsideDown UIInterfaceOrientationLandscapeLeft UIInterfaceOrientationLandscapeRight";
				INFOPLIST_KEY_UISupportedInterfaceOrientations_iPhone = "UIInterfaceOrientationPortrait UIInterfaceOrientationLandscapeLeft UIInterfaceOrientationLandscapeRight";
				LD_RUNPATH_SEARCH_PATHS = (
					"$(inherited)",
					"@executable_path/Frameworks",
				);
				MARKETING_VERSION = 1.0;
				PRODUCT_BUNDLE_IDENTIFIER = com.firstHw;
				PRODUCT_NAME = "$(TARGET_NAME)";
				SWIFT_EMIT_LOC_STRINGS = YES;
				SWIFT_VERSION = 5.0;
				TARGETED_DEVICE_FAMILY = "1,2";
			};
			name = Debug;
		};
		D5A0DA312CAF3BB000CAEF3E /* Release */ = {
			isa = XCBuildConfiguration;
			buildSettings = {
				ASSETCATALOG_COMPILER_APPICON_NAME = AppIcon;
				ASSETCATALOG_COMPILER_GLOBAL_ACCENT_COLOR_NAME = AccentColor;
				CODE_SIGN_STYLE = Automatic;
				CURRENT_PROJECT_VERSION = 1;
				GENERATE_INFOPLIST_FILE = YES;
				INFOPLIST_FILE = firstHw/Info.plist;
				INFOPLIST_KEY_UIApplicationSupportsIndirectInputEvents = YES;
				INFOPLIST_KEY_UILaunchStoryboardName = LaunchScreen;
				INFOPLIST_KEY_UISupportedInterfaceOrientations_iPad = "UIInterfaceOrientationPortrait UIInterfaceOrientationPortraitUpsideDown UIInterfaceOrientationLandscapeLeft UIInterfaceOrientationLandscapeRight";
				INFOPLIST_KEY_UISupportedInterfaceOrientations_iPhone = "UIInterfaceOrientationPortrait UIInterfaceOrientationLandscapeLeft UIInterfaceOrientationLandscapeRight";
				LD_RUNPATH_SEARCH_PATHS = (
					"$(inherited)",
					"@executable_path/Frameworks",
				);
				MARKETING_VERSION = 1.0;
				PRODUCT_BUNDLE_IDENTIFIER = com.firstHw;
				PRODUCT_NAME = "$(TARGET_NAME)";
				SWIFT_EMIT_LOC_STRINGS = YES;
				SWIFT_VERSION = 5.0;
				TARGETED_DEVICE_FAMILY = "1,2";
			};
			name = Release;
		};
		D5A0DA322CAF3BB000CAEF3E /* Debug */ = {
			isa = XCBuildConfiguration;
			buildSettings = {
				ALWAYS_SEARCH_USER_PATHS = NO;
				ASSETCATALOG_COMPILER_GENERATE_SWIFT_ASSET_SYMBOL_EXTENSIONS = YES;
				CLANG_ANALYZER_NONNULL = YES;
				CLANG_ANALYZER_NUMBER_OBJECT_CONVERSION = YES_AGGRESSIVE;
				CLANG_CXX_LANGUAGE_STANDARD = "gnu++20";
				CLANG_ENABLE_MODULES = YES;
				CLANG_ENABLE_OBJC_ARC = YES;
				CLANG_ENABLE_OBJC_WEAK = YES;
				CLANG_WARN_BLOCK_CAPTURE_AUTORELEASING = YES;
				CLANG_WARN_BOOL_CONVERSION = YES;
				CLANG_WARN_COMMA = YES;
				CLANG_WARN_CONSTANT_CONVERSION = YES;
				CLANG_WARN_DEPRECATED_OBJC_IMPLEMENTATIONS = YES;
				CLANG_WARN_DIRECT_OBJC_ISA_USAGE = YES_ERROR;
				CLANG_WARN_DOCUMENTATION_COMMENTS = YES;
				CLANG_WARN_EMPTY_BODY = YES;
				CLANG_WARN_ENUM_CONVERSION = YES;
				CLANG_WARN_INFINITE_RECURSION = YES;
				CLANG_WARN_INT_CONVERSION = YES;
				CLANG_WARN_NON_LITERAL_NULL_CONVERSION = YES;
				CLANG_WARN_OBJC_IMPLICIT_RETAIN_SELF = YES;
				CLANG_WARN_OBJC_LITERAL_CONVERSION = YES;
				CLANG_WARN_OBJC_ROOT_CLASS = YES_ERROR;
				CLANG_WARN_QUOTED_INCLUDE_IN_FRAMEWORK_HEADER = YES;
				CLANG_WARN_RANGE_LOOP_ANALYSIS = YES;
				CLANG_WARN_STRICT_PROTOTYPES = YES;
				CLANG_WARN_SUSPICIOUS_MOVE = YES;
				CLANG_WARN_UNGUARDED_AVAILABILITY = YES_AGGRESSIVE;
				CLANG_WARN_UNREACHABLE_CODE = YES;
				CLANG_WARN__DUPLICATE_METHOD_MATCH = YES;
				COPY_PHASE_STRIP = NO;
				DEBUG_INFORMATION_FORMAT = dwarf;
				ENABLE_STRICT_OBJC_MSGSEND = YES;
				ENABLE_TESTABILITY = YES;
				ENABLE_USER_SCRIPT_SANDBOXING = YES;
				GCC_C_LANGUAGE_STANDARD = gnu17;
				GCC_DYNAMIC_NO_PIC = NO;
				GCC_NO_COMMON_BLOCKS = YES;
				GCC_OPTIMIZATION_LEVEL = 0;
				GCC_PREPROCESSOR_DEFINITIONS = (
					"DEBUG=1",
					"$(inherited)",
				);
				GCC_WARN_64_TO_32_BIT_CONVERSION = YES;
				GCC_WARN_ABOUT_RETURN_TYPE = YES_ERROR;
				GCC_WARN_UNDECLARED_SELECTOR = YES;
				GCC_WARN_UNINITIALIZED_AUTOS = YES_AGGRESSIVE;
				GCC_WARN_UNUSED_FUNCTION = YES;
				GCC_WARN_UNUSED_VARIABLE = YES;
				IPHONEOS_DEPLOYMENT_TARGET = 18.0;
				LOCALIZATION_PREFERS_STRING_CATALOGS = YES;
				MTL_ENABLE_DEBUG_INFO = INCLUDE_SOURCE;
				MTL_FAST_MATH = YES;
				ONLY_ACTIVE_ARCH = YES;
				SDKROOT = iphoneos;
				SWIFT_ACTIVE_COMPILATION_CONDITIONS = "DEBUG $(inherited)";
				SWIFT_OPTIMIZATION_LEVEL = "-Onone";
			};
			name = Debug;
		};
		D5A0DA332CAF3BB000CAEF3E /* Release */ = {
			isa = XCBuildConfiguration;
			buildSettings = {
				ALWAYS_SEARCH_USER_PATHS = NO;
				ASSETCATALOG_COMPILER_GENERATE_SWIFT_ASSET_SYMBOL_EXTENSIONS = YES;
				CLANG_ANALYZER_NONNULL = YES;
				CLANG_ANALYZER_NUMBER_OBJECT_CONVERSION = YES_AGGRESSIVE;
				CLANG_CXX_LANGUAGE_STANDARD = "gnu++20";
				CLANG_ENABLE_MODULES = YES;
				CLANG_ENABLE_OBJC_ARC = YES;
				CLANG_ENABLE_OBJC_WEAK = YES;
				CLANG_WARN_BLOCK_CAPTURE_AUTORELEASING = YES;
				CLANG_WARN_BOOL_CONVERSION = YES;
				CLANG_WARN_COMMA = YES;
				CLANG_WARN_CONSTANT_CONVERSION = YES;
				CLANG_WARN_DEPRECATED_OBJC_IMPLEMENTATIONS = YES;
				CLANG_WARN_DIRECT_OBJC_ISA_USAGE = YES_ERROR;
				CLANG_WARN_DOCUMENTATION_COMMENTS = YES;
				CLANG_WARN_EMPTY_BODY = YES;
				CLANG_WARN_ENUM_CONVERSION = YES;
				CLANG_WARN_INFINITE_RECURSION = YES;
				CLANG_WARN_INT_CONVERSION = YES;
				CLANG_WARN_NON_LITERAL_NULL_CONVERSION = YES;
				CLANG_WARN_OBJC_IMPLICIT_RETAIN_SELF = YES;
				CLANG_WARN_OBJC_LITERAL_CONVERSION = YES;
				CLANG_WARN_OBJC_ROOT_CLASS = YES_ERROR;
				CLANG_WARN_QUOTED_INCLUDE_IN_FRAMEWORK_HEADER = YES;
				CLANG_WARN_RANGE_LOOP_ANALYSIS = YES;
				CLANG_WARN_STRICT_PROTOTYPES = YES;
				CLANG_WARN_SUSPICIOUS_MOVE = YES;
				CLANG_WARN_UNGUARDED_AVAILABILITY = YES_AGGRESSIVE;
				CLANG_WARN_UNREACHABLE_CODE = YES;
				CLANG_WARN__DUPLICATE_METHOD_MATCH = YES;
				COPY_PHASE_STRIP = NO;
				DEBUG_INFORMATION_FORMAT = "dwarf-with-dsym";
				ENABLE_NS_ASSERTIONS = NO;
				ENABLE_STRICT_OBJC_MSGSEND = YES;
				ENABLE_USER_SCRIPT_SANDBOXING = YES;
				GCC_C_LANGUAGE_STANDARD = gnu17;
				GCC_NO_COMMON_BLOCKS = YES;
				GCC_WARN_64_TO_32_BIT_CONVERSION = YES;
				GCC_WARN_ABOUT_RETURN_TYPE = YES_ERROR;
				GCC_WARN_UNDECLARED_SELECTOR = YES;
				GCC_WARN_UNINITIALIZED_AUTOS = YES_AGGRESSIVE;
				GCC_WARN_UNUSED_FUNCTION = YES;
				GCC_WARN_UNUSED_VARIABLE = YES;
				IPHONEOS_DEPLOYMENT_TARGET = 18.0;
				LOCALIZATION_PREFERS_STRING_CATALOGS = YES;
				MTL_ENABLE_DEBUG_INFO = NO;
				MTL_FAST_MATH = YES;
				SDKROOT = iphoneos;
				SWIFT_COMPILATION_MODE = wholemodule;
				VALIDATE_PRODUCT = YES;
			};
			name = Release;
		};
		D5A0DA352CAF3BB000CAEF3E /* Debug */ = {
			isa = XCBuildConfiguration;
			buildSettings = {
				BUNDLE_LOADER = "$(TEST_HOST)";
				CODE_SIGN_STYLE = Automatic;
				CURRENT_PROJECT_VERSION = 1;
				GENERATE_INFOPLIST_FILE = YES;
				IPHONEOS_DEPLOYMENT_TARGET = 18.0;
				MARKETING_VERSION = 1.0;
				PRODUCT_BUNDLE_IDENTIFIER = com.firstHwTests;
				PRODUCT_NAME = "$(TARGET_NAME)";
				SWIFT_EMIT_LOC_STRINGS = NO;
				SWIFT_VERSION = 5.0;
				TARGETED_DEVICE_FAMILY = "1,2";
				TEST_HOST = "$(BUILT_PRODUCTS_DIR)/firstHw.app/$(BUNDLE_EXECUTABLE_FOLDER_PATH)/firstHw";
			};
			name = Debug;
		};
		D5A0DA362CAF3BB000CAEF3E /* Release */ = {
			isa = XCBuildConfiguration;
			buildSettings = {
				BUNDLE_LOADER = "$(TEST_HOST)";
				CODE_SIGN_STYLE = Automatic;
				CURRENT_PROJECT_VERSION = 1;
				GENERATE_INFOPLIST_FILE = YES;
				IPHONEOS_DEPLOYMENT_TARGET = 18.0;
				MARKETING_VERSION = 1.0;
				PRODUCT_BUNDLE_IDENTIFIER = com.firstHwTests;
				PRODUCT_NAME = "$(TARGET_NAME)";
				SWIFT_EMIT_LOC_STRINGS = NO;
				SWIFT_VERSION = 5.0;
				TARGETED_DEVICE_FAMILY = "1,2";
				TEST_HOST = "$(BUILT_PRODUCTS_DIR)/firstHw.app/$(BUNDLE_EXECUTABLE_FOLDER_PATH)/firstHw";
			};
			name = Release;
		};
		D5A0DA382CAF3BB000CAEF3E /* Debug */ = {
			isa = XCBuildConfiguration;
			buildSettings = {
				CODE_SIGN_STYLE = Automatic;
				CURRENT_PROJECT_VERSION = 1;
				GENERATE_INFOPLIST_FILE = YES;
				MARKETING_VERSION = 1.0;
				PRODUCT_BUNDLE_IDENTIFIER = com.firstHwUITests;
				PRODUCT_NAME = "$(TARGET_NAME)";
				SWIFT_EMIT_LOC_STRINGS = NO;
				SWIFT_VERSION = 5.0;
				TARGETED_DEVICE_FAMILY = "1,2";
				TEST_TARGET_NAME = firstHw;
			};
			name = Debug;
		};
		D5A0DA392CAF3BB000CAEF3E /* Release */ = {
			isa = XCBuildConfiguration;
			buildSettings = {
				CODE_SIGN_STYLE = Automatic;
				CURRENT_PROJECT_VERSION = 1;
				GENERATE_INFOPLIST_FILE = YES;
				MARKETING_VERSION = 1.0;
				PRODUCT_BUNDLE_IDENTIFIER = com.firstHwUITests;
				PRODUCT_NAME = "$(TARGET_NAME)";
				SWIFT_EMIT_LOC_STRINGS = NO;
				SWIFT_VERSION = 5.0;
				TARGETED_DEVICE_FAMILY = "1,2";
				TEST_TARGET_NAME = firstHw;
			};
			name = Release;
		};
/* End XCBuildConfiguration section */

/* Begin XCConfigurationList section */
		D5A0DA012CAF3BAD00CAEF3E /* Build configuration list for PBXProject "firstHw" */ = {
			isa = XCConfigurationList;
			buildConfigurations = (
				D5A0DA322CAF3BB000CAEF3E /* Debug */,
				D5A0DA332CAF3BB000CAEF3E /* Release */,
			);
			defaultConfigurationIsVisible = 0;
			defaultConfigurationName = Release;
		};
		D5A0DA2F2CAF3BB000CAEF3E /* Build configuration list for PBXNativeTarget "firstHw" */ = {
			isa = XCConfigurationList;
			buildConfigurations = (
				D5A0DA302CAF3BB000CAEF3E /* Debug */,
				D5A0DA312CAF3BB000CAEF3E /* Release */,
			);
			defaultConfigurationIsVisible = 0;
			defaultConfigurationName = Release;
		};
		D5A0DA342CAF3BB000CAEF3E /* Build configuration list for PBXNativeTarget "firstHwTests" */ = {
			isa = XCConfigurationList;
			buildConfigurations = (
				D5A0DA352CAF3BB000CAEF3E /* Debug */,
				D5A0DA362CAF3BB000CAEF3E /* Release */,
			);
			defaultConfigurationIsVisible = 0;
			defaultConfigurationName = Release;
		};
		D5A0DA372CAF3BB000CAEF3E /* Build configuration list for PBXNativeTarget "firstHwUITests" */ = {
			isa = XCConfigurationList;
			buildConfigurations = (
				D5A0DA382CAF3BB000CAEF3E /* Debug */,
				D5A0DA392CAF3BB000CAEF3E /* Release */,
			);
			defaultConfigurationIsVisible = 0;
			defaultConfigurationName = Release;
		};
/* End XCConfigurationList section */
	};
	rootObject = D5A0D9FE2CAF3BAD00CAEF3E /* Project object */;
}
