// !$*UTF8*$!
{
	archiveVersion = 1;
	classes = {
	};
	objectVersion = 77;
	objects = {

/* Begin PBXBuildFile section */
		8D10B3DF2D8F4DAF004B023F /* Cartfile in Resources */ = {isa = PBXBuildFile; fileRef = 8D10B3DE2D8F4DA8004B023F /* Cartfile */; };
		8D10B4272D8F4EAD004B023F /* .SDWebImage.version in Resources */ = {isa = PBXBuildFile; fileRef = 8D10B4202D8F4EAD004B023F /* .SDWebImage.version */; };
		8D10B42A2D8F4ECE004B023F /* SDWebImage.xcframework in Frameworks */ = {isa = PBXBuildFile; fileRef = 8D10B4212D8F4EAD004B023F /* SDWebImage.xcframework */; };
		8D10B42B2D8F4ECE004B023F /* SDWebImage.xcframework in Embed Frameworks */ = {isa = PBXBuildFile; fileRef = 8D10B4212D8F4EAD004B023F /* SDWebImage.xcframework */; settings = {ATTRIBUTES = (CodeSignOnCopy, RemoveHeadersOnCopy, ); }; };
		8D10B42D2D8F4ED0004B023F /* SDWebImageMapKit.xcframework in Frameworks */ = {isa = PBXBuildFile; fileRef = 8D10B4222D8F4EAD004B023F /* SDWebImageMapKit.xcframework */; };
		8D10B42E2D8F4ED0004B023F /* SDWebImageMapKit.xcframework in Embed Frameworks */ = {isa = PBXBuildFile; fileRef = 8D10B4222D8F4EAD004B023F /* SDWebImageMapKit.xcframework */; settings = {ATTRIBUTES = (CodeSignOnCopy, RemoveHeadersOnCopy, ); }; };
/* End PBXBuildFile section */

/* Begin PBXCopyFilesBuildPhase section */
		8D10B42C2D8F4ECE004B023F /* Embed Frameworks */ = {
			isa = PBXCopyFilesBuildPhase;
			buildActionMask = 2147483647;
			dstPath = "";
			dstSubfolderSpec = 10;
			files = (
				8D10B42B2D8F4ECE004B023F /* SDWebImage.xcframework in Embed Frameworks */,
				8D10B42E2D8F4ED0004B023F /* SDWebImageMapKit.xcframework in Embed Frameworks */,
			);
			name = "Embed Frameworks";
			runOnlyForDeploymentPostprocessing = 0;
		};
/* End PBXCopyFilesBuildPhase section */

/* Begin PBXFileReference section */
		8D10B3C62D8F4D8D004B023F /* SDWebImageExample.app */ = {isa = PBXFileReference; explicitFileType = wrapper.application; includeInIndex = 0; path = SDWebImageExample.app; sourceTree = BUILT_PRODUCTS_DIR; };
		8D10B3DE2D8F4DA8004B023F /* Cartfile */ = {isa = PBXFileReference; lastKnownFileType = text; path = Cartfile; sourceTree = "<group>"; };
		8D10B4202D8F4EAD004B023F /* .SDWebImage.version */ = {isa = PBXFileReference; lastKnownFileType = text; path = .SDWebImage.version; sourceTree = "<group>"; };
		8D10B4212D8F4EAD004B023F /* SDWebImage.xcframework */ = {isa = PBXFileReference; lastKnownFileType = wrapper.xcframework; path = SDWebImage.xcframework; sourceTree = "<group>"; };
		8D10B4222D8F4EAD004B023F /* SDWebImageMapKit.xcframework */ = {isa = PBXFileReference; lastKnownFileType = wrapper.xcframework; path = SDWebImageMapKit.xcframework; sourceTree = "<group>"; };
		8D10B4242D8F4EAD004B023F /* SDWebImage */ = {isa = PBXFileReference; lastKnownFileType = wrapper; path = SDWebImage; sourceTree = "<group>"; };
/* End PBXFileReference section */

/* Begin PBXFileSystemSynchronizedBuildFileExceptionSet section */
		8D10B3D82D8F4D8E004B023F /* Exceptions for "SDWebImageExample" folder in "SDWebImageExample" target */ = {
			isa = PBXFileSystemSynchronizedBuildFileExceptionSet;
			membershipExceptions = (
				Info.plist,
			);
			target = 8D10B3C52D8F4D8D004B023F /* SDWebImageExample */;
		};
/* End PBXFileSystemSynchronizedBuildFileExceptionSet section */

/* Begin PBXFileSystemSynchronizedRootGroup section */
		8D10B3C82D8F4D8D004B023F /* SDWebImageExample */ = {
			isa = PBXFileSystemSynchronizedRootGroup;
			exceptions = (
				8D10B3D82D8F4D8E004B023F /* Exceptions for "SDWebImageExample" folder in "SDWebImageExample" target */,
			);
			path = SDWebImageExample;
			sourceTree = "<group>";
		};
/* End PBXFileSystemSynchronizedRootGroup section */

/* Begin PBXFrameworksBuildPhase section */
		8D10B3C32D8F4D8D004B023F /* Frameworks */ = {
			isa = PBXFrameworksBuildPhase;
			buildActionMask = 2147483647;
			files = (
				8D10B42A2D8F4ECE004B023F /* SDWebImage.xcframework in Frameworks */,
				8D10B42D2D8F4ED0004B023F /* SDWebImageMapKit.xcframework in Frameworks */,
			);
			runOnlyForDeploymentPostprocessing = 0;
		};
/* End PBXFrameworksBuildPhase section */

/* Begin PBXGroup section */
		8D10B3BD2D8F4D8D004B023F = {
			isa = PBXGroup;
			children = (
				8D10B4262D8F4EAD004B023F /* Carthage */,
				8D10B3DE2D8F4DA8004B023F /* Cartfile */,
				8D10B3C82D8F4D8D004B023F /* SDWebImageExample */,
				8D10B3C72D8F4D8D004B023F /* Products */,
			);
			sourceTree = "<group>";
		};
		8D10B3C72D8F4D8D004B023F /* Products */ = {
			isa = PBXGroup;
			children = (
				8D10B3C62D8F4D8D004B023F /* SDWebImageExample.app */,
			);
			name = Products;
			sourceTree = "<group>";
		};
		8D10B4232D8F4EAD004B023F /* Build */ = {
			isa = PBXGroup;
			children = (
				8D10B4202D8F4EAD004B023F /* .SDWebImage.version */,
				8D10B4212D8F4EAD004B023F /* SDWebImage.xcframework */,
				8D10B4222D8F4EAD004B023F /* SDWebImageMapKit.xcframework */,
			);
			path = Build;
			sourceTree = "<group>";
		};
		8D10B4252D8F4EAD004B023F /* Checkouts */ = {
			isa = PBXGroup;
			children = (
				8D10B4242D8F4EAD004B023F /* SDWebImage */,
			);
			path = Checkouts;
			sourceTree = "<group>";
		};
		8D10B4262D8F4EAD004B023F /* Carthage */ = {
			isa = PBXGroup;
			children = (
				8D10B4232D8F4EAD004B023F /* Build */,
				8D10B4252D8F4EAD004B023F /* Checkouts */,
			);
			path = Carthage;
			sourceTree = "<group>";
		};
/* End PBXGroup section */

/* Begin PBXNativeTarget section */
		8D10B3C52D8F4D8D004B023F /* SDWebImageExample */ = {
			isa = PBXNativeTarget;
			buildConfigurationList = 8D10B3D92D8F4D8E004B023F /* Build configuration list for PBXNativeTarget "SDWebImageExample" */;
			buildPhases = (
				8D10B3C22D8F4D8D004B023F /* Sources */,
				8D10B3C32D8F4D8D004B023F /* Frameworks */,
				8D10B3C42D8F4D8D004B023F /* Resources */,
				8D10B42C2D8F4ECE004B023F /* Embed Frameworks */,
			);
			buildRules = (
			);
			dependencies = (
			);
			fileSystemSynchronizedGroups = (
				8D10B3C82D8F4D8D004B023F /* SDWebImageExample */,
			);
			name = SDWebImageExample;
			packageProductDependencies = (
			);
			productName = SDWebImageExample;
			productReference = 8D10B3C62D8F4D8D004B023F /* SDWebImageExample.app */;
			productType = "com.apple.product-type.application";
		};
/* End PBXNativeTarget section */

/* Begin PBXProject section */
		8D10B3BE2D8F4D8D004B023F /* Project object */ = {
			isa = PBXProject;
			attributes = {
				BuildIndependentTargetsInParallel = 1;
				LastSwiftUpdateCheck = 1620;
				LastUpgradeCheck = 1620;
				TargetAttributes = {
					8D10B3C52D8F4D8D004B023F = {
						CreatedOnToolsVersion = 16.2;
					};
				};
			};
			buildConfigurationList = 8D10B3C12D8F4D8D004B023F /* Build configuration list for PBXProject "SDWebImageExample" */;
			developmentRegion = en;
			hasScannedForEncodings = 0;
			knownRegions = (
				en,
				Base,
			);
			mainGroup = 8D10B3BD2D8F4D8D004B023F;
			minimizedProjectReferenceProxies = 1;
			preferredProjectObjectVersion = 77;
			productRefGroup = 8D10B3C72D8F4D8D004B023F /* Products */;
			projectDirPath = "";
			projectRoot = "";
			targets = (
				8D10B3C52D8F4D8D004B023F /* SDWebImageExample */,
			);
		};
/* End PBXProject section */

/* Begin PBXResourcesBuildPhase section */
		8D10B3C42D8F4D8D004B023F /* Resources */ = {
			isa = PBXResourcesBuildPhase;
			buildActionMask = 2147483647;
			files = (
				8D10B3DF2D8F4DAF004B023F /* Cartfile in Resources */,
				8D10B4272D8F4EAD004B023F /* .SDWebImage.version in Resources */,
			);
			runOnlyForDeploymentPostprocessing = 0;
		};
/* End PBXResourcesBuildPhase section */

/* Begin PBXSourcesBuildPhase section */
		8D10B3C22D8F4D8D004B023F /* Sources */ = {
			isa = PBXSourcesBuildPhase;
			buildActionMask = 2147483647;
			files = (
			);
			runOnlyForDeploymentPostprocessing = 0;
		};
/* End PBXSourcesBuildPhase section */

/* Begin XCBuildConfiguration section */
		8D10B3DA2D8F4D8E004B023F /* Debug */ = {
			isa = XCBuildConfiguration;
			buildSettings = {
				ASSETCATALOG_COMPILER_APPICON_NAME = AppIcon;
				ASSETCATALOG_COMPILER_GLOBAL_ACCENT_COLOR_NAME = AccentColor;
				CODE_SIGN_STYLE = Automatic;
				CURRENT_PROJECT_VERSION = 1;
				GENERATE_INFOPLIST_FILE = YES;
				INFOPLIST_FILE = SDWebImageExample/Info.plist;
				INFOPLIST_KEY_UIApplicationSupportsIndirectInputEvents = YES;
				INFOPLIST_KEY_UILaunchStoryboardName = LaunchScreen;
				INFOPLIST_KEY_UIMainStoryboardFile = Main;
				INFOPLIST_KEY_UISupportedInterfaceOrientations_iPad = "UIInterfaceOrientationPortrait UIInterfaceOrientationPortraitUpsideDown UIInterfaceOrientationLandscapeLeft UIInterfaceOrientationLandscapeRight";
				INFOPLIST_KEY_UISupportedInterfaceOrientations_iPhone = "UIInterfaceOrientationPortrait UIInterfaceOrientationLandscapeLeft UIInterfaceOrientationLandscapeRight";
				LD_RUNPATH_SEARCH_PATHS = (
					"$(inherited)",
					"@executable_path/Frameworks",
				);
				MARKETING_VERSION = 1.0;
				PRODUCT_BUNDLE_IDENTIFIER = itis.SDWebImageExample;
				PRODUCT_NAME = "$(TARGET_NAME)";
				SWIFT_EMIT_LOC_STRINGS = YES;
				SWIFT_VERSION = 5.0;
				TARGETED_DEVICE_FAMILY = "1,2";
			};
			name = Debug;
		};
		8D10B3DB2D8F4D8E004B023F /* Release */ = {
			isa = XCBuildConfiguration;
			buildSettings = {
				ASSETCATALOG_COMPILER_APPICON_NAME = AppIcon;
				ASSETCATALOG_COMPILER_GLOBAL_ACCENT_COLOR_NAME = AccentColor;
				CODE_SIGN_STYLE = Automatic;
				CURRENT_PROJECT_VERSION = 1;
				GENERATE_INFOPLIST_FILE = YES;
				INFOPLIST_FILE = SDWebImageExample/Info.plist;
				INFOPLIST_KEY_UIApplicationSupportsIndirectInputEvents = YES;
				INFOPLIST_KEY_UILaunchStoryboardName = LaunchScreen;
				INFOPLIST_KEY_UIMainStoryboardFile = Main;
				INFOPLIST_KEY_UISupportedInterfaceOrientations_iPad = "UIInterfaceOrientationPortrait UIInterfaceOrientationPortraitUpsideDown UIInterfaceOrientationLandscapeLeft UIInterfaceOrientationLandscapeRight";
				INFOPLIST_KEY_UISupportedInterfaceOrientations_iPhone = "UIInterfaceOrientationPortrait UIInterfaceOrientationLandscapeLeft UIInterfaceOrientationLandscapeRight";
				LD_RUNPATH_SEARCH_PATHS = (
					"$(inherited)",
					"@executable_path/Frameworks",
				);
				MARKETING_VERSION = 1.0;
				PRODUCT_BUNDLE_IDENTIFIER = itis.SDWebImageExample;
				PRODUCT_NAME = "$(TARGET_NAME)";
				SWIFT_EMIT_LOC_STRINGS = YES;
				SWIFT_VERSION = 5.0;
				TARGETED_DEVICE_FAMILY = "1,2";
			};
			name = Release;
		};
		8D10B3DC2D8F4D8E004B023F /* Debug */ = {
			isa = XCBuildConfiguration;
			buildSettings = {
				ALWAYS_SEARCH_USER_PATHS = NO;
				ASSETCATALOG_COMPILER_GENERATE_SWIFT_ASSET_SYMBOL_EXTENSIONS = YES;
				CLANG_ANALYZER_NONNULL = YES;
				CLANG_ANALYZER_NUMBER_OBJECT_CONVERSION = YES_AGGRESSIVE;
				CLANG_CXX_LANGUAGE_STANDARD = "gnu++20";
				CLANG_ENABLE_MODULES = YES;
				CLANG_ENABLE_OBJC_ARC = YES;
				CLANG_ENABLE_OBJC_WEAK = YES;
				CLANG_WARN_BLOCK_CAPTURE_AUTORELEASING = YES;
				CLANG_WARN_BOOL_CONVERSION = YES;
				CLANG_WARN_COMMA = YES;
				CLANG_WARN_CONSTANT_CONVERSION = YES;
				CLANG_WARN_DEPRECATED_OBJC_IMPLEMENTATIONS = YES;
				CLANG_WARN_DIRECT_OBJC_ISA_USAGE = YES_ERROR;
				CLANG_WARN_DOCUMENTATION_COMMENTS = YES;
				CLANG_WARN_EMPTY_BODY = YES;
				CLANG_WARN_ENUM_CONVERSION = YES;
				CLANG_WARN_INFINITE_RECURSION = YES;
				CLANG_WARN_INT_CONVERSION = YES;
				CLANG_WARN_NON_LITERAL_NULL_CONVERSION = YES;
				CLANG_WARN_OBJC_IMPLICIT_RETAIN_SELF = YES;
				CLANG_WARN_OBJC_LITERAL_CONVERSION = YES;
				CLANG_WARN_OBJC_ROOT_CLASS = YES_ERROR;
				CLANG_WARN_QUOTED_INCLUDE_IN_FRAMEWORK_HEADER = YES;
				CLANG_WARN_RANGE_LOOP_ANALYSIS = YES;
				CLANG_WARN_STRICT_PROTOTYPES = YES;
				CLANG_WARN_SUSPICIOUS_MOVE = YES;
				CLANG_WARN_UNGUARDED_AVAILABILITY = YES_AGGRESSIVE;
				CLANG_WARN_UNREACHABLE_CODE = YES;
				CLANG_WARN__DUPLICATE_METHOD_MATCH = YES;
				COPY_PHASE_STRIP = NO;
				DEBUG_INFORMATION_FORMAT = dwarf;
				ENABLE_STRICT_OBJC_MSGSEND = YES;
				ENABLE_TESTABILITY = YES;
				ENABLE_USER_SCRIPT_SANDBOXING = YES;
				GCC_C_LANGUAGE_STANDARD = gnu17;
				GCC_DYNAMIC_NO_PIC = NO;
				GCC_NO_COMMON_BLOCKS = YES;
				GCC_OPTIMIZATION_LEVEL = 0;
				GCC_PREPROCESSOR_DEFINITIONS = (
					"DEBUG=1",
					"$(inherited)",
				);
				GCC_WARN_64_TO_32_BIT_CONVERSION = YES;
				GCC_WARN_ABOUT_RETURN_TYPE = YES_ERROR;
				GCC_WARN_UNDECLARED_SELECTOR = YES;
				GCC_WARN_UNINITIALIZED_AUTOS = YES_AGGRESSIVE;
				GCC_WARN_UNUSED_FUNCTION = YES;
				GCC_WARN_UNUSED_VARIABLE = YES;
				IPHONEOS_DEPLOYMENT_TARGET = 18.2;
				LOCALIZATION_PREFERS_STRING_CATALOGS = YES;
				MTL_ENABLE_DEBUG_INFO = INCLUDE_SOURCE;
				MTL_FAST_MATH = YES;
				ONLY_ACTIVE_ARCH = YES;
				SDKROOT = iphoneos;
				SWIFT_ACTIVE_COMPILATION_CONDITIONS = "DEBUG $(inherited)";
				SWIFT_OPTIMIZATION_LEVEL = "-Onone";
			};
			name = Debug;
		};
		8D10B3DD2D8F4D8E004B023F /* Release */ = {
			isa = XCBuildConfiguration;
			buildSettings = {
				ALWAYS_SEARCH_USER_PATHS = NO;
				ASSETCATALOG_COMPILER_GENERATE_SWIFT_ASSET_SYMBOL_EXTENSIONS = YES;
				CLANG_ANALYZER_NONNULL = YES;
				CLANG_ANALYZER_NUMBER_OBJECT_CONVERSION = YES_AGGRESSIVE;
				CLANG_CXX_LANGUAGE_STANDARD = "gnu++20";
				CLANG_ENABLE_MODULES = YES;
				CLANG_ENABLE_OBJC_ARC = YES;
				CLANG_ENABLE_OBJC_WEAK = YES;
				CLANG_WARN_BLOCK_CAPTURE_AUTORELEASING = YES;
				CLANG_WARN_BOOL_CONVERSION = YES;
				CLANG_WARN_COMMA = YES;
				CLANG_WARN_CONSTANT_CONVERSION = YES;
				CLANG_WARN_DEPRECATED_OBJC_IMPLEMENTATIONS = YES;
				CLANG_WARN_DIRECT_OBJC_ISA_USAGE = YES_ERROR;
				CLANG_WARN_DOCUMENTATION_COMMENTS = YES;
				CLANG_WARN_EMPTY_BODY = YES;
				CLANG_WARN_ENUM_CONVERSION = YES;
				CLANG_WARN_INFINITE_RECURSION = YES;
				CLANG_WARN_INT_CONVERSION = YES;
				CLANG_WARN_NON_LITERAL_NULL_CONVERSION = YES;
				CLANG_WARN_OBJC_IMPLICIT_RETAIN_SELF = YES;
				CLANG_WARN_OBJC_LITERAL_CONVERSION = YES;
				CLANG_WARN_OBJC_ROOT_CLASS = YES_ERROR;
				CLANG_WARN_QUOTED_INCLUDE_IN_FRAMEWORK_HEADER = YES;
				CLANG_WARN_RANGE_LOOP_ANALYSIS = YES;
				CLANG_WARN_STRICT_PROTOTYPES = YES;
				CLANG_WARN_SUSPICIOUS_MOVE = YES;
				CLANG_WARN_UNGUARDED_AVAILABILITY = YES_AGGRESSIVE;
				CLANG_WARN_UNREACHABLE_CODE = YES;
				CLANG_WARN__DUPLICATE_METHOD_MATCH = YES;
				COPY_PHASE_STRIP = NO;
				DEBUG_INFORMATION_FORMAT = "dwarf-with-dsym";
				ENABLE_NS_ASSERTIONS = NO;
				ENABLE_STRICT_OBJC_MSGSEND = YES;
				ENABLE_USER_SCRIPT_SANDBOXING = YES;
				GCC_C_LANGUAGE_STANDARD = gnu17;
				GCC_NO_COMMON_BLOCKS = YES;
				GCC_WARN_64_TO_32_BIT_CONVERSION = YES;
				GCC_WARN_ABOUT_RETURN_TYPE = YES_ERROR;
				GCC_WARN_UNDECLARED_SELECTOR = YES;
				GCC_WARN_UNINITIALIZED_AUTOS = YES_AGGRESSIVE;
				GCC_WARN_UNUSED_FUNCTION = YES;
				GCC_WARN_UNUSED_VARIABLE = YES;
				IPHONEOS_DEPLOYMENT_TARGET = 18.2;
				LOCALIZATION_PREFERS_STRING_CATALOGS = YES;
				MTL_ENABLE_DEBUG_INFO = NO;
				MTL_FAST_MATH = YES;
				SDKROOT = iphoneos;
				SWIFT_COMPILATION_MODE = wholemodule;
				VALIDATE_PRODUCT = YES;
			};
			name = Release;
		};
/* End XCBuildConfiguration section */

/* Begin XCConfigurationList section */
		8D10B3C12D8F4D8D004B023F /* Build configuration list for PBXProject "SDWebImageExample" */ = {
			isa = XCConfigurationList;
			buildConfigurations = (
				8D10B3DC2D8F4D8E004B023F /* Debug */,
				8D10B3DD2D8F4D8E004B023F /* Release */,
			);
			defaultConfigurationIsVisible = 0;
			defaultConfigurationName = Release;
		};
		8D10B3D92D8F4D8E004B023F /* Build configuration list for PBXNativeTarget "SDWebImageExample" */ = {
			isa = XCConfigurationList;
			buildConfigurations = (
				8D10B3DA2D8F4D8E004B023F /* Debug */,
				8D10B3DB2D8F4D8E004B023F /* Release */,
			);
			defaultConfigurationIsVisible = 0;
			defaultConfigurationName = Release;
		};
/* End XCConfigurationList section */
	};
	rootObject = 8D10B3BE2D8F4D8D004B023F /* Project object */;
}
